
Microsoft Visual Studio Solution File, Format Version 12.00
# Visual Studio Version 16
VisualStudioVersion = 16.0.32126.315
MinimumVisualStudioVersion = 10.0.40219.1
Project("{FAE04EC0-301F-11D3-BF4B-00C04F79EFBC}") = "Practica_2", "Practica_2\Practica_2.csproj", "{DD885697-D885-4CB6-88C8-A76D458DDDDF}"
EndProject
Global
	GlobalSection(SolutionConfigurationPlatforms) = preSolution
		Debug|Any CPU = Debug|Any CPU
		Release|Any CPU = Release|Any CPU
	EndGlobalSection
	GlobalSection(ProjectConfigurationPlatforms) = postSolution
		{DD885697-D885-4CB6-88C8-A76D458DDDDF}.Debug|Any CPU.ActiveCfg = Debug|Any CPU
		{DD885697-D885-4CB6-88C8-A76D458DDDDF}.Debug|Any CPU.Build.0 = Debug|Any CPU
		{DD885697-D885-4CB6-88C8-A76D458DDDDF}.Release|Any CPU.ActiveCfg = Release|Any CPU
		{DD885697-D885-4CB6-88C8-A76D458DDDDF}.Release|Any CPU.Build.0 = Release|Any CPU
	EndGlobalSection
	GlobalSection(SolutionProperties) = preSolution
		HideSolutionNode = FALSE
	EndGlobalSection
	GlobalSection(ExtensibilityGlobals) = postSolution
		SolutionGuid = {6E14C65A-D6EC-4ACD-9922-E4B7743143B4}
	EndGlobalSection
EndGlobal
